
Microsoft Visual Studio Solution File, Format Version 12.00
# Visual Studio Version 16
VisualStudioVersion = 16.0.31105.61
MinimumVisualStudioVersion = 10.0.40219.1
Project("{8BC9CEB8-8B4A-11D0-8D11-00A0C91BC942}") = "eventconnector", "eventconnector\eventconnector.vcxproj", "{5D7A6745-674F-4C61-9575-D529016034C5}"
EndProject
Global
	GlobalSection(SolutionConfigurationPlatforms) = preSolution
		Release|x64 = Release|x64
	EndGlobalSection
	GlobalSection(ProjectConfigurationPlatforms) = postSolution
		{5D7A6745-674F-4C61-9575-D529016034C5}.Release|x64.ActiveCfg = Release|x64
		{5D7A6745-674F-4C61-9575-D529016034C5}.Release|x64.Build.0 = Release|x64
	EndGlobalSection
	GlobalSection(SolutionProperties) = preSolution
		HideSolutionNode = FALSE
	EndGlobalSection
	GlobalSection(ExtensibilityGlobals) = postSolution
		SolutionGuid = {3D057323-FDC6-43E9-92DE-416E6BE0791A}
	EndGlobalSection
EndGlobal
